#MicroXplorer Configuration settings - do not modify
Mcu.Family=STM32F1
PA6.GPIOParameters=GPIO_Label
ProjectManager.MainLocation=Core/Src
RCC.MCOFreq_Value=24000000
ProjectManager.ProjectFileName=c6trial.ioc
ADC1.Rank-0\#ChannelRegularConversion=1
PD1-OSC_OUT.Mode=HSE-External-Oscillator
ProjectManager.KeepUserCode=true
Mcu.UserName=STM32F103C6Tx
PA10.Mode=Asynchronous
Mcu.PinsNb=14
ProjectManager.NoMain=false
ADC1.IPParameters=Rank-0\#ChannelRegularConversion,Channel-0\#ChannelRegularConversion,SamplingTime-0\#ChannelRegularConversion,NbrOfConversionFlag,master
RCC.PLLCLKFreq_Value=24000000
ProjectManager.functionlistsort=1-MX_GPIO_Init-GPIO-false-HAL-true,2-SystemClock_Config-RCC-false-HAL-false,3-MX_ADC1_Init-ADC1-false-HAL-true,4-MX_USART1_UART_Init-USART1-false-HAL-true,5-MX_I2C1_Init-I2C1-false-HAL-true
PA3.GPIOParameters=GPIO_Label
RCC.ADCFreqValue=12000000
ProjectManager.DefaultFWLocation=true
PA6.GPIO_Label=LCD_D6
PD0-OSC_IN.Signal=RCC_OSC_IN
ProjectManager.DeletePrevious=true
USART1.IPParameters=VirtualMode
VP_SYS_VS_ND.Mode=No_Debug
PA2.GPIOParameters=GPIO_Label
PinOutPanel.RotationAngle=0
RCC.FamilyName=M
RCC.SYSCLKSource=RCC_SYSCLKSOURCE_PLLCLK
ProjectManager.StackSize=0x400
PA0-WKUP.Signal=ADCx_IN0
PD1-OSC_OUT.Signal=RCC_OSC_OUT
Mcu.IP4=USART1
RCC.FCLKCortexFreq_Value=24000000
NVIC.SVCall_IRQn=true\:0\:0\:false\:false\:true\:false\:false
Mcu.IP2=RCC
Mcu.IP3=SYS
Mcu.IP0=ADC1
PA9.Mode=Asynchronous
Mcu.IP1=NVIC
Mcu.UserConstants=
ProjectManager.TargetToolchain=STM32CubeIDE
Mcu.ThirdPartyNb=0
RCC.HCLKFreq_Value=24000000
Mcu.IPNb=5
ProjectManager.PreviousToolchain=
RCC.APB2TimFreq_Value=24000000
PA9.Signal=USART1_TX
Mcu.Pin6=PA4
Mcu.Pin7=PA5
ProjectManager.RegisterCallBack=
Mcu.Pin8=PA6
RCC.USBFreq_Value=24000000
Mcu.Pin9=PA7
PA1.Signal=ADCx_IN1
RCC.AHBFreq_Value=24000000
Mcu.Pin0=PD0-OSC_IN
Mcu.Pin1=PD1-OSC_OUT
Mcu.Pin2=PA0-WKUP
PD0-OSC_IN.Mode=HSE-External-Oscillator
Mcu.Pin3=PA1
Mcu.Pin4=PA2
Mcu.Pin5=PA3
PA5.Signal=GPIO_Output
ADC1.Channel-0\#ChannelRegularConversion=ADC_CHANNEL_0
ProjectManager.ProjectBuild=false
NVIC.UsageFault_IRQn=true\:0\:0\:false\:false\:true\:false\:false
NVIC.DebugMonitor_IRQn=true\:0\:0\:false\:false\:true\:false\:false
board=custom
PA4.Locked=true
NVIC.SysTick_IRQn=true\:0\:0\:false\:false\:true\:false\:true
ProjectManager.LastFirmware=true
RCC.PLLMUL=RCC_PLL_MUL6
ProjectManager.FirmwarePackage=STM32Cube FW_F1 V1.8.4
MxDb.Version=DB.6.0.21
RCC.APB2Freq_Value=24000000
ProjectManager.BackupPrevious=false
MxCube.Version=6.2.1
SH.ADCx_IN0.ConfNb=1
SH.ADCx_IN1.ConfNb=1
File.Version=6
VP_SYS_VS_Systick.Mode=SysTick
VP_SYS_VS_ND.Signal=SYS_VS_ND
NVIC.NonMaskableInt_IRQn=true\:0\:0\:false\:false\:true\:false\:false
SH.ADCx_IN0.0=ADC1_IN0,IN0
PA4.GPIOParameters=GPIO_Label
NVIC.PendSV_IRQn=true\:0\:0\:false\:false\:true\:false\:false
ProjectManager.FreePins=false
RCC.IPParameters=ADCFreqValue,AHBFreq_Value,APB1Freq_Value,APB1TimFreq_Value,APB2Freq_Value,APB2TimFreq_Value,FCLKCortexFreq_Value,FamilyName,HCLKFreq_Value,MCOFreq_Value,PLLCLKFreq_Value,PLLMCOFreq_Value,PLLMUL,SYSCLKFreq_VALUE,SYSCLKSource,TimSysFreq_Value,USBFreq_Value
ProjectManager.AskForMigrate=true
Mcu.Name=STM32F103C(4-6)Tx
ProjectManager.HalAssertFull=false
ADC1.SamplingTime-0\#ChannelRegularConversion=ADC_SAMPLETIME_28CYCLES_5
PA2.Signal=GPIO_Output
ProjectManager.ProjectName=c6trial
ProjectManager.UnderRoot=true
RCC.PLLMCOFreq_Value=12000000
ProjectManager.CoupleFile=false
PA4.Signal=GPIO_Output
RCC.SYSCLKFreq_VALUE=24000000
Mcu.Package=LQFP48
PA6.Signal=GPIO_Output
RCC.TimSysFreq_Value=24000000
PA7.GPIO_Label=LCD_D7
ADC1.master=1
PA5.Locked=true
PA3.Locked=true
PA7.Locked=true
PA5.GPIO_Label=LCD_D5
NVIC.ForceEnableDMAVector=true
KeepUserPlacement=false
NVIC.MemoryManagement_IRQn=true\:0\:0\:false\:false\:true\:false\:false
USART1.VirtualMode=VM_ASYNC
ProjectManager.CompilerOptimize=6
ProjectManager.ToolChainLocation=
PA2.GPIO_Label=LCD_EN
VP_SYS_VS_Systick.Signal=SYS_VS_Systick
PA10.Signal=USART1_RX
ProjectManager.HeapSize=0x200
NVIC.HardFault_IRQn=true\:0\:0\:false\:false\:true\:false\:false
PA5.GPIOParameters=GPIO_Label
Mcu.Pin13=VP_SYS_VS_Systick
ProjectManager.ComputerToolchain=false
NVIC.PriorityGroup=NVIC_PRIORITYGROUP_4
ADC1.NbrOfConversionFlag=1
SH.ADCx_IN1.0=ADC1_IN1,IN1
Mcu.Pin11=PA10
Mcu.Pin12=VP_SYS_VS_ND
Mcu.Pin10=PA9
RCC.APB1TimFreq_Value=24000000
NVIC.BusFault_IRQn=true\:0\:0\:false\:false\:true\:false\:false
RCC.APB1Freq_Value=24000000
PA4.GPIO_Label=LCD_D4
PA7.GPIOParameters=GPIO_Label
ProjectManager.CustomerFirmwarePackage=
ProjectManager.DeviceId=STM32F103C6Tx
ProjectManager.LibraryCopy=1
PA3.GPIO_Label=LCD_RS
PA3.Signal=GPIO_Output
PA7.Signal=GPIO_Output
PA6.Locked=true
PA2.Locked=true
isbadioc=false
